
Microsoft Visual Studio Solution File, Format Version 12.00
# Visual Studio Version 16
VisualStudioVersion = 16.0.30225.117
MinimumVisualStudioVersion = 10.0.40219.1
Project("{FAE04EC0-301F-11D3-BF4B-00C04F79EFBC}") = "Lab4Track", "Lab4Track.csproj", "{38381398-030D-4A59-9B5A-0133EEFAA105}"
EndProject
Global
	GlobalSection(SolutionConfigurationPlatforms) = preSolution
		Debug|Any CPU = Debug|Any CPU
		Release|Any CPU = Release|Any CPU
	EndGlobalSection
	GlobalSection(ProjectConfigurationPlatforms) = postSolution
		{38381398-030D-4A59-9B5A-0133EEFAA105}.Debug|Any CPU.ActiveCfg = Debug|Any CPU
		{38381398-030D-4A59-9B5A-0133EEFAA105}.Debug|Any CPU.Build.0 = Debug|Any CPU
		{38381398-030D-4A59-9B5A-0133EEFAA105}.Release|Any CPU.ActiveCfg = Release|Any CPU
		{38381398-030D-4A59-9B5A-0133EEFAA105}.Release|Any CPU.Build.0 = Release|Any CPU
	EndGlobalSection
	GlobalSection(SolutionProperties) = preSolution
		HideSolutionNode = FALSE
	EndGlobalSection
	GlobalSection(ExtensibilityGlobals) = postSolution
		SolutionGuid = {BE2C9525-5D19-4396-9FEB-D56980B7A1AA}
	EndGlobalSection
EndGlobal
