
Microsoft Visual Studio Solution File, Format Version 12.00
# Visual Studio Version 16
VisualStudioVersion = 16.0.30225.117
MinimumVisualStudioVersion = 10.0.40219.1
Project("{FAE04EC0-301F-11D3-BF4B-00C04F79EFBC}") = "Lab5Track", "Lab5Track.csproj", "{7C2153F9-E117-4550-84AB-EB07F1A083CB}"
EndProject
Global
	GlobalSection(SolutionConfigurationPlatforms) = preSolution
		Debug|Any CPU = Debug|Any CPU
		Release|Any CPU = Release|Any CPU
	EndGlobalSection
	GlobalSection(ProjectConfigurationPlatforms) = postSolution
		{7C2153F9-E117-4550-84AB-EB07F1A083CB}.Debug|Any CPU.ActiveCfg = Debug|Any CPU
		{7C2153F9-E117-4550-84AB-EB07F1A083CB}.Debug|Any CPU.Build.0 = Debug|Any CPU
		{7C2153F9-E117-4550-84AB-EB07F1A083CB}.Release|Any CPU.ActiveCfg = Release|Any CPU
		{7C2153F9-E117-4550-84AB-EB07F1A083CB}.Release|Any CPU.Build.0 = Release|Any CPU
	EndGlobalSection
	GlobalSection(SolutionProperties) = preSolution
		HideSolutionNode = FALSE
	EndGlobalSection
	GlobalSection(ExtensibilityGlobals) = postSolution
		SolutionGuid = {9527BD6C-125F-45CE-AB42-FD6486778956}
	EndGlobalSection
EndGlobal
